
Microsoft Visual Studio Solution File, Format Version 12.00
# Visual Studio Version 17
VisualStudioVersion = 17.10.35122.118
MinimumVisualStudioVersion = 10.0.40219.1
Project("{FAE04EC0-301F-11D3-BF4B-00C04F79EFBC}") = "Chacal.Client", "Chacal.Client\Chacal.Client.csproj", "{DBD363EC-AC8E-41D8-9077-37FF54EAA8E9}"
EndProject
Project("{FAE04EC0-301F-11D3-BF4B-00C04F79EFBC}") = "Chacal.MAUIClient", "Chacal.MAUIClient\Chacal.MAUIClient.csproj", "{2E59DE72-829B-4E54-A737-D2245D1B983F}"
EndProject
Project("{FAE04EC0-301F-11D3-BF4B-00C04F79EFBC}") = "Chacal.Chat", "Chacal.Chat\Chacal.Chat.csproj", "{24488D60-EDC6-432F-A815-EB499AA81204}"
EndProject
Global
	GlobalSection(SolutionConfigurationPlatforms) = preSolution
		Debug|Any CPU = Debug|Any CPU
		Release|Any CPU = Release|Any CPU
	EndGlobalSection
	GlobalSection(ProjectConfigurationPlatforms) = postSolution
		{DBD363EC-AC8E-41D8-9077-37FF54EAA8E9}.Debug|Any CPU.ActiveCfg = Debug|Any CPU
		{DBD363EC-AC8E-41D8-9077-37FF54EAA8E9}.Debug|Any CPU.Build.0 = Debug|Any CPU
		{DBD363EC-AC8E-41D8-9077-37FF54EAA8E9}.Release|Any CPU.ActiveCfg = Release|Any CPU
		{DBD363EC-AC8E-41D8-9077-37FF54EAA8E9}.Release|Any CPU.Build.0 = Release|Any CPU
		{2E59DE72-829B-4E54-A737-D2245D1B983F}.Debug|Any CPU.ActiveCfg = Debug|Any CPU
		{2E59DE72-829B-4E54-A737-D2245D1B983F}.Debug|Any CPU.Build.0 = Debug|Any CPU
		{2E59DE72-829B-4E54-A737-D2245D1B983F}.Release|Any CPU.ActiveCfg = Release|Any CPU
		{2E59DE72-829B-4E54-A737-D2245D1B983F}.Release|Any CPU.Build.0 = Release|Any CPU
		{24488D60-EDC6-432F-A815-EB499AA81204}.Debug|Any CPU.ActiveCfg = Debug|Any CPU
		{24488D60-EDC6-432F-A815-EB499AA81204}.Debug|Any CPU.Build.0 = Debug|Any CPU
		{24488D60-EDC6-432F-A815-EB499AA81204}.Release|Any CPU.ActiveCfg = Release|Any CPU
		{24488D60-EDC6-432F-A815-EB499AA81204}.Release|Any CPU.Build.0 = Release|Any CPU
	EndGlobalSection
	GlobalSection(SolutionProperties) = preSolution
		HideSolutionNode = FALSE
	EndGlobalSection
	GlobalSection(ExtensibilityGlobals) = postSolution
		SolutionGuid = {ACFC701B-3CE0-4D68-98B5-4D97828B5A09}
	EndGlobalSection
EndGlobal
